{
  "nodes": {
    "gitignoreSrc": {
      "flake": false,
      "locked": {
        "lastModified": 1635165013,
        "narHash": "sha256-o/BdVjNwcB6jOmzZjOH703BesSkkS5O7ej3xhyO8hAY=",
        "owner": "hercules-ci",
        "repo": "gitignore.nix",
        "rev": "5b9e0ff9d3b551234b4f3eb3983744fa354b17f1",
        "type": "github"
      },
      "original": {
        "owner": "hercules-ci",
        "repo": "gitignore.nix",
        "type": "github"
      }
    },
    "nixpkgs": {
      "locked": {
        "lastModified": 1639525045,
        "narHash": "sha256-z4GXFNzO+5V4CAUm2DDMAryLOWUKEbQif2ifvv1Ypg4=",
        "owner": "NixOS",
        "repo": "nixpkgs",
        "rev": "a2e281f5770247855b85d70c43454ba5bff34613",
        "type": "github"
      },
      "original": {
        "owner": "NixOS",
        "ref": "nixos-unstable",
        "repo": "nixpkgs",
        "type": "github"
      }
    },
    "npmbp": {
      "locked": {
        "lastModified": 1624358188,
        "narHash": "sha256-e/2p0CYhfs8GHYjDiJ2sdlne1WYF43MCPfZbRP5VmC4=",
        "owner": "serokell",
        "repo": "nix-npm-buildpackage",
        "rev": "3461855a1dbfe844768d5adac29fe0b542d8b296",
        "type": "github"
      },
      "original": {
        "owner": "serokell",
        "repo": "nix-npm-buildpackage",
        "type": "github"
      }
    },
    "root": {
      "inputs": {
        "gitignoreSrc": "gitignoreSrc",
        "nixpkgs": "nixpkgs",
        "npmbp": "npmbp"
      }
    }
  },
  "root": "root",
  "version": 7
}
